// !$*UTF8*$!
{
	archiveVersion = 1;
	classes = {
	};
	objectVersion = 56;
	objects = {

/* Begin PBXBuildFile section */
		CCCC8B3F2A3ADA800078D2F9 /* StoreAppApp.swift in Sources */ = {isa = PBXBuildFile; fileRef = CCCC8B3E2A3ADA800078D2F9 /* StoreAppApp.swift */; };
		CCCC8B412A3ADA800078D2F9 /* HomeView.swift in Sources */ = {isa = PBXBuildFile; fileRef = CCCC8B402A3ADA800078D2F9 /* HomeView.swift */; };
		CCCC8B432A3ADA820078D2F9 /* Assets.xcassets in Resources */ = {isa = PBXBuildFile; fileRef = CCCC8B422A3ADA820078D2F9 /* Assets.xcassets */; };
		CCCC8B462A3ADA820078D2F9 /* Preview Assets.xcassets in Resources */ = {isa = PBXBuildFile; fileRef = CCCC8B452A3ADA820078D2F9 /* Preview Assets.xcassets */; };
		CCCC8B4F2A3ADB0B0078D2F9 /* Color + ext.swift in Sources */ = {isa = PBXBuildFile; fileRef = CCCC8B4E2A3ADB0B0078D2F9 /* Color + ext.swift */; };
		CCCC8B522A3C366A0078D2F9 /* StoreModel.swift in Sources */ = {isa = PBXBuildFile; fileRef = CCCC8B512A3C366A0078D2F9 /* StoreModel.swift */; };
		CCCC8B552A3C37130078D2F9 /* StoreDataService.swift in Sources */ = {isa = PBXBuildFile; fileRef = CCCC8B542A3C37130078D2F9 /* StoreDataService.swift */; };
		CCCC8B582A3D896A0078D2F9 /* StoreViewModel.swift in Sources */ = {isa = PBXBuildFile; fileRef = CCCC8B572A3D896A0078D2F9 /* StoreViewModel.swift */; };
		CCCC8B5A2A3D8F440078D2F9 /* GoodsView.swift in Sources */ = {isa = PBXBuildFile; fileRef = CCCC8B592A3D8F440078D2F9 /* GoodsView.swift */; };
		CCCC8B5C2A3EDA310078D2F9 /* DetailView.swift in Sources */ = {isa = PBXBuildFile; fileRef = CCCC8B5B2A3EDA310078D2F9 /* DetailView.swift */; };
		CCCC8B692A4352360078D2F9 /* TabBarView.swift in Sources */ = {isa = PBXBuildFile; fileRef = CCCC8B682A4352360078D2F9 /* TabBarView.swift */; };
		CCCC8B6B2A435FEA0078D2F9 /* WishlistView.swift in Sources */ = {isa = PBXBuildFile; fileRef = CCCC8B6A2A435FEA0078D2F9 /* WishlistView.swift */; };
		CCCC8B6D2A4368020078D2F9 /* ProductView.swift in Sources */ = {isa = PBXBuildFile; fileRef = CCCC8B6C2A4368020078D2F9 /* ProductView.swift */; };
		CCCC8B6F2A4421050078D2F9 /* ProfileView.swift in Sources */ = {isa = PBXBuildFile; fileRef = CCCC8B6E2A4421050078D2F9 /* ProfileView.swift */; };
		CCCC8B712A46B9E00078D2F9 /* CartView.swift in Sources */ = {isa = PBXBuildFile; fileRef = CCCC8B702A46B9E00078D2F9 /* CartView.swift */; };
		CCCC8B732A46C2410078D2F9 /* PaymentView.swift in Sources */ = {isa = PBXBuildFile; fileRef = CCCC8B722A46C2410078D2F9 /* PaymentView.swift */; };
		CCCC8B802A49618F0078D2F9 /* payment.png in Resources */ = {isa = PBXBuildFile; fileRef = CCCC8B7A2A49618F0078D2F9 /* payment.png */; };
		CCCC8B812A49618F0078D2F9 /* profile.png in Resources */ = {isa = PBXBuildFile; fileRef = CCCC8B7B2A49618F0078D2F9 /* profile.png */; };
		CCCC8B822A49618F0078D2F9 /* wishlist.png in Resources */ = {isa = PBXBuildFile; fileRef = CCCC8B7C2A49618F0078D2F9 /* wishlist.png */; };
		CCCC8B832A49618F0078D2F9 /* home.png in Resources */ = {isa = PBXBuildFile; fileRef = CCCC8B7D2A49618F0078D2F9 /* home.png */; };
		CCCC8B842A49618F0078D2F9 /* detail.png in Resources */ = {isa = PBXBuildFile; fileRef = CCCC8B7E2A49618F0078D2F9 /* detail.png */; };
		CCCC8B852A49618F0078D2F9 /* cart.png in Resources */ = {isa = PBXBuildFile; fileRef = CCCC8B7F2A49618F0078D2F9 /* cart.png */; };
/* End PBXBuildFile section */

/* Begin PBXFileReference section */
		CCCC8B3B2A3ADA800078D2F9 /* StoreApp.app */ = {isa = PBXFileReference; explicitFileType = wrapper.application; includeInIndex = 0; path = StoreApp.app; sourceTree = BUILT_PRODUCTS_DIR; };
		CCCC8B3E2A3ADA800078D2F9 /* StoreAppApp.swift */ = {isa = PBXFileReference; lastKnownFileType = sourcecode.swift; path = StoreAppApp.swift; sourceTree = "<group>"; };
		CCCC8B402A3ADA800078D2F9 /* HomeView.swift */ = {isa = PBXFileReference; lastKnownFileType = sourcecode.swift; path = HomeView.swift; sourceTree = "<group>"; };
		CCCC8B422A3ADA820078D2F9 /* Assets.xcassets */ = {isa = PBXFileReference; lastKnownFileType = folder.assetcatalog; path = Assets.xcassets; sourceTree = "<group>"; };
		CCCC8B452A3ADA820078D2F9 /* Preview Assets.xcassets */ = {isa = PBXFileReference; lastKnownFileType = folder.assetcatalog; path = "Preview Assets.xcassets"; sourceTree = "<group>"; };
		CCCC8B4E2A3ADB0B0078D2F9 /* Color + ext.swift */ = {isa = PBXFileReference; lastKnownFileType = sourcecode.swift; path = "Color + ext.swift"; sourceTree = "<group>"; };
		CCCC8B512A3C366A0078D2F9 /* StoreModel.swift */ = {isa = PBXFileReference; lastKnownFileType = sourcecode.swift; path = StoreModel.swift; sourceTree = "<group>"; };
		CCCC8B542A3C37130078D2F9 /* StoreDataService.swift */ = {isa = PBXFileReference; lastKnownFileType = sourcecode.swift; path = StoreDataService.swift; sourceTree = "<group>"; };
		CCCC8B572A3D896A0078D2F9 /* StoreViewModel.swift */ = {isa = PBXFileReference; lastKnownFileType = sourcecode.swift; path = StoreViewModel.swift; sourceTree = "<group>"; };
		CCCC8B592A3D8F440078D2F9 /* GoodsView.swift */ = {isa = PBXFileReference; lastKnownFileType = sourcecode.swift; path = GoodsView.swift; sourceTree = "<group>"; };
		CCCC8B5B2A3EDA310078D2F9 /* DetailView.swift */ = {isa = PBXFileReference; lastKnownFileType = sourcecode.swift; path = DetailView.swift; sourceTree = "<group>"; };
		CCCC8B682A4352360078D2F9 /* TabBarView.swift */ = {isa = PBXFileReference; lastKnownFileType = sourcecode.swift; path = TabBarView.swift; sourceTree = "<group>"; };
		CCCC8B6A2A435FEA0078D2F9 /* WishlistView.swift */ = {isa = PBXFileReference; lastKnownFileType = sourcecode.swift; path = WishlistView.swift; sourceTree = "<group>"; };
		CCCC8B6C2A4368020078D2F9 /* ProductView.swift */ = {isa = PBXFileReference; lastKnownFileType = sourcecode.swift; path = ProductView.swift; sourceTree = "<group>"; };
		CCCC8B6E2A4421050078D2F9 /* ProfileView.swift */ = {isa = PBXFileReference; lastKnownFileType = sourcecode.swift; path = ProfileView.swift; sourceTree = "<group>"; };
		CCCC8B702A46B9E00078D2F9 /* CartView.swift */ = {isa = PBXFileReference; lastKnownFileType = sourcecode.swift; path = CartView.swift; sourceTree = "<group>"; };
		CCCC8B722A46C2410078D2F9 /* PaymentView.swift */ = {isa = PBXFileReference; lastKnownFileType = sourcecode.swift; path = PaymentView.swift; sourceTree = "<group>"; };
		CCCC8B7A2A49618F0078D2F9 /* payment.png */ = {isa = PBXFileReference; lastKnownFileType = image.png; path = payment.png; sourceTree = "<group>"; };
		CCCC8B7B2A49618F0078D2F9 /* profile.png */ = {isa = PBXFileReference; lastKnownFileType = image.png; path = profile.png; sourceTree = "<group>"; };
		CCCC8B7C2A49618F0078D2F9 /* wishlist.png */ = {isa = PBXFileReference; lastKnownFileType = image.png; path = wishlist.png; sourceTree = "<group>"; };
		CCCC8B7D2A49618F0078D2F9 /* home.png */ = {isa = PBXFileReference; lastKnownFileType = image.png; path = home.png; sourceTree = "<group>"; };
		CCCC8B7E2A49618F0078D2F9 /* detail.png */ = {isa = PBXFileReference; lastKnownFileType = image.png; path = detail.png; sourceTree = "<group>"; };
		CCCC8B7F2A49618F0078D2F9 /* cart.png */ = {isa = PBXFileReference; lastKnownFileType = image.png; path = cart.png; sourceTree = "<group>"; };
/* End PBXFileReference section */

/* Begin PBXFrameworksBuildPhase section */
		CCCC8B382A3ADA800078D2F9 /* Frameworks */ = {
			isa = PBXFrameworksBuildPhase;
			buildActionMask = 2147483647;
			files = (
			);
			runOnlyForDeploymentPostprocessing = 0;
		};
/* End PBXFrameworksBuildPhase section */

/* Begin PBXGroup section */
		CCCC8B322A3ADA800078D2F9 = {
			isa = PBXGroup;
			children = (
				CCCC8B3D2A3ADA800078D2F9 /* StoreApp */,
				CCCC8B3C2A3ADA800078D2F9 /* Products */,
			);
			sourceTree = "<group>";
		};
		CCCC8B3C2A3ADA800078D2F9 /* Products */ = {
			isa = PBXGroup;
			children = (
				CCCC8B3B2A3ADA800078D2F9 /* StoreApp.app */,
			);
			name = Products;
			sourceTree = "<group>";
		};
		CCCC8B3D2A3ADA800078D2F9 /* StoreApp */ = {
			isa = PBXGroup;
			children = (
				CCCC8B752A49600C0078D2F9 /* Pictures */,
				CCCC8B502A3C36420078D2F9 /* Model */,
				CCCC8B742A4810A90078D2F9 /* View */,
				CCCC8B562A3D895E0078D2F9 /* ViewModel */,
				CCCC8B532A3C37010078D2F9 /* DataService */,
				CCCC8B4D2A3ADB000078D2F9 /* Extension */,
				CCCC8B3E2A3ADA800078D2F9 /* StoreAppApp.swift */,
				CCCC8B422A3ADA820078D2F9 /* Assets.xcassets */,
				CCCC8B442A3ADA820078D2F9 /* Preview Content */,
			);
			path = StoreApp;
			sourceTree = "<group>";
		};
		CCCC8B442A3ADA820078D2F9 /* Preview Content */ = {
			isa = PBXGroup;
			children = (
				CCCC8B452A3ADA820078D2F9 /* Preview Assets.xcassets */,
			);
			path = "Preview Content";
			sourceTree = "<group>";
		};
		CCCC8B4C2A3ADAFA0078D2F9 /* Screens */ = {
			isa = PBXGroup;
			children = (
				CCCC8B762A49604A0078D2F9 /* Home */,
				CCCC8B772A4960580078D2F9 /* Wishlist */,
				CCCC8B782A4960890078D2F9 /* Cart */,
				CCCC8B792A4960A10078D2F9 /* Profile */,
				CCCC8B682A4352360078D2F9 /* TabBarView.swift */,
			);
			path = Screens;
			sourceTree = "<group>";
		};
		CCCC8B4D2A3ADB000078D2F9 /* Extension */ = {
			isa = PBXGroup;
			children = (
				CCCC8B4E2A3ADB0B0078D2F9 /* Color + ext.swift */,
			);
			path = Extension;
			sourceTree = "<group>";
		};
		CCCC8B502A3C36420078D2F9 /* Model */ = {
			isa = PBXGroup;
			children = (
				CCCC8B512A3C366A0078D2F9 /* StoreModel.swift */,
			);
			path = Model;
			sourceTree = "<group>";
		};
		CCCC8B532A3C37010078D2F9 /* DataService */ = {
			isa = PBXGroup;
			children = (
				CCCC8B542A3C37130078D2F9 /* StoreDataService.swift */,
			);
			path = DataService;
			sourceTree = "<group>";
		};
		CCCC8B562A3D895E0078D2F9 /* ViewModel */ = {
			isa = PBXGroup;
			children = (
				CCCC8B572A3D896A0078D2F9 /* StoreViewModel.swift */,
			);
			path = ViewModel;
			sourceTree = "<group>";
		};
		CCCC8B742A4810A90078D2F9 /* View */ = {
			isa = PBXGroup;
			children = (
				CCCC8B4C2A3ADAFA0078D2F9 /* Screens */,
			);
			path = View;
			sourceTree = "<group>";
		};
		CCCC8B752A49600C0078D2F9 /* Pictures */ = {
			isa = PBXGroup;
			children = (
				CCCC8B7F2A49618F0078D2F9 /* cart.png */,
				CCCC8B7E2A49618F0078D2F9 /* detail.png */,
				CCCC8B7D2A49618F0078D2F9 /* home.png */,
				CCCC8B7A2A49618F0078D2F9 /* payment.png */,
				CCCC8B7B2A49618F0078D2F9 /* profile.png */,
				CCCC8B7C2A49618F0078D2F9 /* wishlist.png */,
			);
			path = Pictures;
			sourceTree = "<group>";
		};
		CCCC8B762A49604A0078D2F9 /* Home */ = {
			isa = PBXGroup;
			children = (
				CCCC8B402A3ADA800078D2F9 /* HomeView.swift */,
				CCCC8B592A3D8F440078D2F9 /* GoodsView.swift */,
				CCCC8B5B2A3EDA310078D2F9 /* DetailView.swift */,
			);
			path = Home;
			sourceTree = "<group>";
		};
		CCCC8B772A4960580078D2F9 /* Wishlist */ = {
			isa = PBXGroup;
			children = (
				CCCC8B6A2A435FEA0078D2F9 /* WishlistView.swift */,
			);
			path = Wishlist;
			sourceTree = "<group>";
		};
		CCCC8B782A4960890078D2F9 /* Cart */ = {
			isa = PBXGroup;
			children = (
				CCCC8B702A46B9E00078D2F9 /* CartView.swift */,
				CCCC8B722A46C2410078D2F9 /* PaymentView.swift */,
				CCCC8B6C2A4368020078D2F9 /* ProductView.swift */,
			);
			path = Cart;
			sourceTree = "<group>";
		};
		CCCC8B792A4960A10078D2F9 /* Profile */ = {
			isa = PBXGroup;
			children = (
				CCCC8B6E2A4421050078D2F9 /* ProfileView.swift */,
			);
			path = Profile;
			sourceTree = "<group>";
		};
/* End PBXGroup section */

/* Begin PBXNativeTarget section */
		CCCC8B3A2A3ADA800078D2F9 /* StoreApp */ = {
			isa = PBXNativeTarget;
			buildConfigurationList = CCCC8B492A3ADA820078D2F9 /* Build configuration list for PBXNativeTarget "StoreApp" */;
			buildPhases = (
				CCCC8B372A3ADA800078D2F9 /* Sources */,
				CCCC8B382A3ADA800078D2F9 /* Frameworks */,
				CCCC8B392A3ADA800078D2F9 /* Resources */,
			);
			buildRules = (
			);
			dependencies = (
			);
			name = StoreApp;
			productName = StoreApp;
			productReference = CCCC8B3B2A3ADA800078D2F9 /* StoreApp.app */;
			productType = "com.apple.product-type.application";
		};
/* End PBXNativeTarget section */

/* Begin PBXProject section */
		CCCC8B332A3ADA800078D2F9 /* Project object */ = {
			isa = PBXProject;
			attributes = {
				BuildIndependentTargetsInParallel = 1;
				LastSwiftUpdateCheck = 1430;
				LastUpgradeCheck = 1430;
				TargetAttributes = {
					CCCC8B3A2A3ADA800078D2F9 = {
						CreatedOnToolsVersion = 14.3;
					};
				};
			};
			buildConfigurationList = CCCC8B362A3ADA800078D2F9 /* Build configuration list for PBXProject "StoreApp" */;
			compatibilityVersion = "Xcode 14.0";
			developmentRegion = en;
			hasScannedForEncodings = 0;
			knownRegions = (
				en,
				Base,
			);
			mainGroup = CCCC8B322A3ADA800078D2F9;
			productRefGroup = CCCC8B3C2A3ADA800078D2F9 /* Products */;
			projectDirPath = "";
			projectRoot = "";
			targets = (
				CCCC8B3A2A3ADA800078D2F9 /* StoreApp */,
			);
		};
/* End PBXProject section */

/* Begin PBXResourcesBuildPhase section */
		CCCC8B392A3ADA800078D2F9 /* Resources */ = {
			isa = PBXResourcesBuildPhase;
			buildActionMask = 2147483647;
			files = (
				CCCC8B462A3ADA820078D2F9 /* Preview Assets.xcassets in Resources */,
				CCCC8B432A3ADA820078D2F9 /* Assets.xcassets in Resources */,
				CCCC8B832A49618F0078D2F9 /* home.png in Resources */,
				CCCC8B822A49618F0078D2F9 /* wishlist.png in Resources */,
				CCCC8B802A49618F0078D2F9 /* payment.png in Resources */,
				CCCC8B852A49618F0078D2F9 /* cart.png in Resources */,
				CCCC8B842A49618F0078D2F9 /* detail.png in Resources */,
				CCCC8B812A49618F0078D2F9 /* profile.png in Resources */,
			);
			runOnlyForDeploymentPostprocessing = 0;
		};
/* End PBXResourcesBuildPhase section */

/* Begin PBXSourcesBuildPhase section */
		CCCC8B372A3ADA800078D2F9 /* Sources */ = {
			isa = PBXSourcesBuildPhase;
			buildActionMask = 2147483647;
			files = (
				CCCC8B6D2A4368020078D2F9 /* ProductView.swift in Sources */,
				CCCC8B412A3ADA800078D2F9 /* HomeView.swift in Sources */,
				CCCC8B712A46B9E00078D2F9 /* CartView.swift in Sources */,
				CCCC8B732A46C2410078D2F9 /* PaymentView.swift in Sources */,
				CCCC8B5C2A3EDA310078D2F9 /* DetailView.swift in Sources */,
				CCCC8B552A3C37130078D2F9 /* StoreDataService.swift in Sources */,
				CCCC8B6F2A4421050078D2F9 /* ProfileView.swift in Sources */,
				CCCC8B6B2A435FEA0078D2F9 /* WishlistView.swift in Sources */,
				CCCC8B522A3C366A0078D2F9 /* StoreModel.swift in Sources */,
				CCCC8B5A2A3D8F440078D2F9 /* GoodsView.swift in Sources */,
				CCCC8B4F2A3ADB0B0078D2F9 /* Color + ext.swift in Sources */,
				CCCC8B582A3D896A0078D2F9 /* StoreViewModel.swift in Sources */,
				CCCC8B692A4352360078D2F9 /* TabBarView.swift in Sources */,
				CCCC8B3F2A3ADA800078D2F9 /* StoreAppApp.swift in Sources */,
			);
			runOnlyForDeploymentPostprocessing = 0;
		};
/* End PBXSourcesBuildPhase section */

/* Begin XCBuildConfiguration section */
		CCCC8B472A3ADA820078D2F9 /* Debug */ = {
			isa = XCBuildConfiguration;
			buildSettings = {
				ALWAYS_SEARCH_USER_PATHS = NO;
				CLANG_ANALYZER_NONNULL = YES;
				CLANG_ANALYZER_NUMBER_OBJECT_CONVERSION = YES_AGGRESSIVE;
				CLANG_CXX_LANGUAGE_STANDARD = "gnu++20";
				CLANG_ENABLE_MODULES = YES;
				CLANG_ENABLE_OBJC_ARC = YES;
				CLANG_ENABLE_OBJC_WEAK = YES;
				CLANG_WARN_BLOCK_CAPTURE_AUTORELEASING = YES;
				CLANG_WARN_BOOL_CONVERSION = YES;
				CLANG_WARN_COMMA = YES;
				CLANG_WARN_CONSTANT_CONVERSION = YES;
				CLANG_WARN_DEPRECATED_OBJC_IMPLEMENTATIONS = YES;
				CLANG_WARN_DIRECT_OBJC_ISA_USAGE = YES_ERROR;
				CLANG_WARN_DOCUMENTATION_COMMENTS = YES;
				CLANG_WARN_EMPTY_BODY = YES;
				CLANG_WARN_ENUM_CONVERSION = YES;
				CLANG_WARN_INFINITE_RECURSION = YES;
				CLANG_WARN_INT_CONVERSION = YES;
				CLANG_WARN_NON_LITERAL_NULL_CONVERSION = YES;
				CLANG_WARN_OBJC_IMPLICIT_RETAIN_SELF = YES;
				CLANG_WARN_OBJC_LITERAL_CONVERSION = YES;
				CLANG_WARN_OBJC_ROOT_CLASS = YES_ERROR;
				CLANG_WARN_QUOTED_INCLUDE_IN_FRAMEWORK_HEADER = YES;
				CLANG_WARN_RANGE_LOOP_ANALYSIS = YES;
				CLANG_WARN_STRICT_PROTOTYPES = YES;
				CLANG_WARN_SUSPICIOUS_MOVE = YES;
				CLANG_WARN_UNGUARDED_AVAILABILITY = YES_AGGRESSIVE;
				CLANG_WARN_UNREACHABLE_CODE = YES;
				CLANG_WARN__DUPLICATE_METHOD_MATCH = YES;
				COPY_PHASE_STRIP = NO;
				DEBUG_INFORMATION_FORMAT = dwarf;
				ENABLE_STRICT_OBJC_MSGSEND = YES;
				ENABLE_TESTABILITY = YES;
				GCC_C_LANGUAGE_STANDARD = gnu11;
				GCC_DYNAMIC_NO_PIC = NO;
				GCC_NO_COMMON_BLOCKS = YES;
				GCC_OPTIMIZATION_LEVEL = 0;
				GCC_PREPROCESSOR_DEFINITIONS = (
					"DEBUG=1",
					"$(inherited)",
				);
				GCC_WARN_64_TO_32_BIT_CONVERSION = YES;
				GCC_WARN_ABOUT_RETURN_TYPE = YES_ERROR;
				GCC_WARN_UNDECLARED_SELECTOR = YES;
				GCC_WARN_UNINITIALIZED_AUTOS = YES_AGGRESSIVE;
				GCC_WARN_UNUSED_FUNCTION = YES;
				GCC_WARN_UNUSED_VARIABLE = YES;
				IPHONEOS_DEPLOYMENT_TARGET = 16.4;
				MTL_ENABLE_DEBUG_INFO = INCLUDE_SOURCE;
				MTL_FAST_MATH = YES;
				ONLY_ACTIVE_ARCH = YES;
				SDKROOT = iphoneos;
				SWIFT_ACTIVE_COMPILATION_CONDITIONS = DEBUG;
				SWIFT_OPTIMIZATION_LEVEL = "-Onone";
			};
			name = Debug;
		};
		CCCC8B482A3ADA820078D2F9 /* Release */ = {
			isa = XCBuildConfiguration;
			buildSettings = {
				ALWAYS_SEARCH_USER_PATHS = NO;
				CLANG_ANALYZER_NONNULL = YES;
				CLANG_ANALYZER_NUMBER_OBJECT_CONVERSION = YES_AGGRESSIVE;
				CLANG_CXX_LANGUAGE_STANDARD = "gnu++20";
				CLANG_ENABLE_MODULES = YES;
				CLANG_ENABLE_OBJC_ARC = YES;
				CLANG_ENABLE_OBJC_WEAK = YES;
				CLANG_WARN_BLOCK_CAPTURE_AUTORELEASING = YES;
				CLANG_WARN_BOOL_CONVERSION = YES;
				CLANG_WARN_COMMA = YES;
				CLANG_WARN_CONSTANT_CONVERSION = YES;
				CLANG_WARN_DEPRECATED_OBJC_IMPLEMENTATIONS = YES;
				CLANG_WARN_DIRECT_OBJC_ISA_USAGE = YES_ERROR;
				CLANG_WARN_DOCUMENTATION_COMMENTS = YES;
				CLANG_WARN_EMPTY_BODY = YES;
				CLANG_WARN_ENUM_CONVERSION = YES;
				CLANG_WARN_INFINITE_RECURSION = YES;
				CLANG_WARN_INT_CONVERSION = YES;
				CLANG_WARN_NON_LITERAL_NULL_CONVERSION = YES;
				CLANG_WARN_OBJC_IMPLICIT_RETAIN_SELF = YES;
				CLANG_WARN_OBJC_LITERAL_CONVERSION = YES;
				CLANG_WARN_OBJC_ROOT_CLASS = YES_ERROR;
				CLANG_WARN_QUOTED_INCLUDE_IN_FRAMEWORK_HEADER = YES;
				CLANG_WARN_RANGE_LOOP_ANALYSIS = YES;
				CLANG_WARN_STRICT_PROTOTYPES = YES;
				CLANG_WARN_SUSPICIOUS_MOVE = YES;
				CLANG_WARN_UNGUARDED_AVAILABILITY = YES_AGGRESSIVE;
				CLANG_WARN_UNREACHABLE_CODE = YES;
				CLANG_WARN__DUPLICATE_METHOD_MATCH = YES;
				COPY_PHASE_STRIP = NO;
				DEBUG_INFORMATION_FORMAT = "dwarf-with-dsym";
				ENABLE_NS_ASSERTIONS = NO;
				ENABLE_STRICT_OBJC_MSGSEND = YES;
				GCC_C_LANGUAGE_STANDARD = gnu11;
				GCC_NO_COMMON_BLOCKS = YES;
				GCC_WARN_64_TO_32_BIT_CONVERSION = YES;
				GCC_WARN_ABOUT_RETURN_TYPE = YES_ERROR;
				GCC_WARN_UNDECLARED_SELECTOR = YES;
				GCC_WARN_UNINITIALIZED_AUTOS = YES_AGGRESSIVE;
				GCC_WARN_UNUSED_FUNCTION = YES;
				GCC_WARN_UNUSED_VARIABLE = YES;
				IPHONEOS_DEPLOYMENT_TARGET = 16.4;
				MTL_ENABLE_DEBUG_INFO = NO;
				MTL_FAST_MATH = YES;
				SDKROOT = iphoneos;
				SWIFT_COMPILATION_MODE = wholemodule;
				SWIFT_OPTIMIZATION_LEVEL = "-O";
				VALIDATE_PRODUCT = YES;
			};
			name = Release;
		};
		CCCC8B4A2A3ADA820078D2F9 /* Debug */ = {
			isa = XCBuildConfiguration;
			buildSettings = {
				ASSETCATALOG_COMPILER_APPICON_NAME = AppIcon;
				ASSETCATALOG_COMPILER_GLOBAL_ACCENT_COLOR_NAME = AccentColor;
				CODE_SIGN_STYLE = Automatic;
				CURRENT_PROJECT_VERSION = 1;
				DEVELOPMENT_ASSET_PATHS = "\"StoreApp/Preview Content\"";
				ENABLE_PREVIEWS = YES;
				GENERATE_INFOPLIST_FILE = YES;
				INFOPLIST_KEY_UIApplicationSceneManifest_Generation = YES;
				INFOPLIST_KEY_UIApplicationSupportsIndirectInputEvents = YES;
				INFOPLIST_KEY_UILaunchScreen_Generation = YES;
				INFOPLIST_KEY_UISupportedInterfaceOrientations_iPad = "UIInterfaceOrientationPortrait UIInterfaceOrientationPortraitUpsideDown UIInterfaceOrientationLandscapeLeft UIInterfaceOrientationLandscapeRight";
				INFOPLIST_KEY_UISupportedInterfaceOrientations_iPhone = "UIInterfaceOrientationPortrait UIInterfaceOrientationLandscapeLeft UIInterfaceOrientationLandscapeRight";
				LD_RUNPATH_SEARCH_PATHS = (
					"$(inherited)",
					"@executable_path/Frameworks",
				);
				MARKETING_VERSION = 1.0;
				PRODUCT_BUNDLE_IDENTIFIER = com.dva.StoreApp;
				PRODUCT_NAME = "$(TARGET_NAME)";
				SWIFT_EMIT_LOC_STRINGS = YES;
				SWIFT_VERSION = 5.0;
				TARGETED_DEVICE_FAMILY = "1,2";
			};
			name = Debug;
		};
		CCCC8B4B2A3ADA820078D2F9 /* Release */ = {
			isa = XCBuildConfiguration;
			buildSettings = {
				ASSETCATALOG_COMPILER_APPICON_NAME = AppIcon;
				ASSETCATALOG_COMPILER_GLOBAL_ACCENT_COLOR_NAME = AccentColor;
				CODE_SIGN_STYLE = Automatic;
				CURRENT_PROJECT_VERSION = 1;
				DEVELOPMENT_ASSET_PATHS = "\"StoreApp/Preview Content\"";
				ENABLE_PREVIEWS = YES;
				GENERATE_INFOPLIST_FILE = YES;
				INFOPLIST_KEY_UIApplicationSceneManifest_Generation = YES;
				INFOPLIST_KEY_UIApplicationSupportsIndirectInputEvents = YES;
				INFOPLIST_KEY_UILaunchScreen_Generation = YES;
				INFOPLIST_KEY_UISupportedInterfaceOrientations_iPad = "UIInterfaceOrientationPortrait UIInterfaceOrientationPortraitUpsideDown UIInterfaceOrientationLandscapeLeft UIInterfaceOrientationLandscapeRight";
				INFOPLIST_KEY_UISupportedInterfaceOrientations_iPhone = "UIInterfaceOrientationPortrait UIInterfaceOrientationLandscapeLeft UIInterfaceOrientationLandscapeRight";
				LD_RUNPATH_SEARCH_PATHS = (
					"$(inherited)",
					"@executable_path/Frameworks",
				);
				MARKETING_VERSION = 1.0;
				PRODUCT_BUNDLE_IDENTIFIER = com.dva.StoreApp;
				PRODUCT_NAME = "$(TARGET_NAME)";
				SWIFT_EMIT_LOC_STRINGS = YES;
				SWIFT_VERSION = 5.0;
				TARGETED_DEVICE_FAMILY = "1,2";
			};
			name = Release;
		};
/* End XCBuildConfiguration section */

/* Begin XCConfigurationList section */
		CCCC8B362A3ADA800078D2F9 /* Build configuration list for PBXProject "StoreApp" */ = {
			isa = XCConfigurationList;
			buildConfigurations = (
				CCCC8B472A3ADA820078D2F9 /* Debug */,
				CCCC8B482A3ADA820078D2F9 /* Release */,
			);
			defaultConfigurationIsVisible = 0;
			defaultConfigurationName = Release;
		};
		CCCC8B492A3ADA820078D2F9 /* Build configuration list for PBXNativeTarget "StoreApp" */ = {
			isa = XCConfigurationList;
			buildConfigurations = (
				CCCC8B4A2A3ADA820078D2F9 /* Debug */,
				CCCC8B4B2A3ADA820078D2F9 /* Release */,
			);
			defaultConfigurationIsVisible = 0;
			defaultConfigurationName = Release;
		};
/* End XCConfigurationList section */
	};
	rootObject = CCCC8B332A3ADA800078D2F9 /* Project object */;
}
